
Microsoft Visual Studio Solution File, Format Version 12.00
# Visual Studio Version 16
VisualStudioVersion = 16.0.29306.81
MinimumVisualStudioVersion = 10.0.40219.1
Project("{FAE04EC0-301F-11D3-BF4B-00C04F79EFBC}") = "testform", "testform\testform.csproj", "{FF1FBBC5-3345-42B9-A157-F73996730A0C}"
EndProject
Global
	GlobalSection(SolutionConfigurationPlatforms) = preSolution
		Debug|Any CPU = Debug|Any CPU
		Release|Any CPU = Release|Any CPU
	EndGlobalSection
	GlobalSection(ProjectConfigurationPlatforms) = postSolution
		{FF1FBBC5-3345-42B9-A157-F73996730A0C}.Debug|Any CPU.ActiveCfg = Debug|Any CPU
		{FF1FBBC5-3345-42B9-A157-F73996730A0C}.Debug|Any CPU.Build.0 = Debug|Any CPU
		{FF1FBBC5-3345-42B9-A157-F73996730A0C}.Release|Any CPU.ActiveCfg = Release|Any CPU
		{FF1FBBC5-3345-42B9-A157-F73996730A0C}.Release|Any CPU.Build.0 = Release|Any CPU
	EndGlobalSection
	GlobalSection(SolutionProperties) = preSolution
		HideSolutionNode = FALSE
	EndGlobalSection
	GlobalSection(ExtensibilityGlobals) = postSolution
		SolutionGuid = {10710B98-84DD-4603-BE5B-03D64DC3FEF4}
	EndGlobalSection
EndGlobal
